id: Practica3_2
label: QT GUI CalculoPotenciaComunicaciones
category: '[Modulos_L1C]'
flags: need_qt_gui

parameters:
-   id: l_vect
    label: Longitud FFT
    dtype: int
    default: '1024'
    hide: none
-   id: gui_hint
    label: GUI Hint
    dtype: gui_hint
    hide: part

inputs:
-   label: in
    dtype: float
    vlen: 1

outputs: []

templates:
    imports: 'from Practica3_2 import Practica3_2  # grc-generated hier_block'
    make: "Practica3_2(\n    l_vect=${ l_vect },\n)\n<% win = 'self.%s'%id %>\n${\
        \ gui_hint() % win }"
    callbacks:
    - set_l_vect(${ l_vect })

documentation: 'Sebastian-Esteban

    /home/labcom/Escritorio/LAB1G01_L1C/practica_3/Practica3_2.py'
grc_source: /home/labcom/Escritorio/LAB1G01_L1C/practica_3/Practica3_2.grc

file_format: 1
